
Microsoft Visual Studio Solution File, Format Version 12.00
# Visual Studio Version 17
VisualStudioVersion = 17.8.34511.84
MinimumVisualStudioVersion = 10.0.40219.1
Project("{FAE04EC0-301F-11D3-BF4B-00C04F79EFBC}") = "InvoiceAPI", "InvoiceAPI\InvoiceAPI.csproj", "{C00BB58A-EAAD-481A-9651-8064977F0A19}"
EndProject
Global
	GlobalSection(SolutionConfigurationPlatforms) = preSolution
		Debug|Any CPU = Debug|Any CPU
		Release|Any CPU = Release|Any CPU
	EndGlobalSection
	GlobalSection(ProjectConfigurationPlatforms) = postSolution
		{C00BB58A-EAAD-481A-9651-8064977F0A19}.Debug|Any CPU.ActiveCfg = Debug|Any CPU
		{C00BB58A-EAAD-481A-9651-8064977F0A19}.Debug|Any CPU.Build.0 = Debug|Any CPU
		{C00BB58A-EAAD-481A-9651-8064977F0A19}.Release|Any CPU.ActiveCfg = Release|Any CPU
		{C00BB58A-EAAD-481A-9651-8064977F0A19}.Release|Any CPU.Build.0 = Release|Any CPU
	EndGlobalSection
	GlobalSection(SolutionProperties) = preSolution
		HideSolutionNode = FALSE
	EndGlobalSection
	GlobalSection(ExtensibilityGlobals) = postSolution
		SolutionGuid = {AD875C3F-5970-49FF-B8A4-17472D40229E}
	EndGlobalSection
EndGlobal
